
Microsoft Visual Studio Solution File, Format Version 12.00
# Visual Studio 2013
VisualStudioVersion = 12.0.30501.0
MinimumVisualStudioVersion = 10.0.40219.1
Project("{8BC9CEB8-8B4A-11D0-8D11-00A0C91BC942}") = "Tapeworms", "Tapeworms\Tapeworms.vcxproj", "{CDEF3799-3AD2-4134-928A-17CCEA80BE24}"
EndProject
Global
	GlobalSection(SolutionConfigurationPlatforms) = preSolution
		Debug|Win32 = Debug|Win32
		Release|Win32 = Release|Win32
	EndGlobalSection
	GlobalSection(ProjectConfigurationPlatforms) = postSolution
		{CDEF3799-3AD2-4134-928A-17CCEA80BE24}.Debug|Win32.ActiveCfg = Debug|Win32
		{CDEF3799-3AD2-4134-928A-17CCEA80BE24}.Debug|Win32.Build.0 = Debug|Win32
		{CDEF3799-3AD2-4134-928A-17CCEA80BE24}.Release|Win32.ActiveCfg = Release|Win32
		{CDEF3799-3AD2-4134-928A-17CCEA80BE24}.Release|Win32.Build.0 = Release|Win32
	EndGlobalSection
	GlobalSection(SolutionProperties) = preSolution
		HideSolutionNode = FALSE
	EndGlobalSection
EndGlobal
